github.com/accnameowl/Calendb v0.0.0-20200824063139-aad1fd07d4e3 h1:cbVqV028MusiDt5ZJOQZVAt7/HlwICaiXDg+mnVBzHA=
github.com/accnameowl/Calendb v0.0.0-20200824063139-aad1fd07d4e3/go.mod h1:uHDzEVBJJLCRM0cOVcMZM9vXhE0WWSIl5kHye9orOVw=
github.com/accnameowl/calendb v0.0.0-20200823063909-f5e0f90489db/go.mod h1:IRYneYcZHkMcbtMYfAq86xRusr9PxVfZEeDff07Ru9k=
github.com/golang/example v0.0.0-20170904185048-46695d81d1fa/go.mod h1:tO/5UvQ/uKigUjQBPqzstj6uxd3fUIjddi19DxGJeWg=
